
Microsoft Visual Studio Solution File, Format Version 12.00
Project("{FAE04EC0-301F-11D3-BF4B-00C04F79EFBC}") = "UsersService", "UsersService\UsersService.csproj", "{72C9F546-B03A-4745-82DC-1E286D1EC96B}"
EndProject
Project("{FAE04EC0-301F-11D3-BF4B-00C04F79EFBC}") = "DirectoriesService", "DirectoriesService\DirectoriesService.csproj", "{C6CBBA5D-AF78-4866-A440-3241C4B15419}"
EndProject
Project("{FAE04EC0-301F-11D3-BF4B-00C04F79EFBC}") = "AdmisionsService", "AdmisionsService\AdmisionsService.csproj", "{4F2176CF-451F-44E4-92AE-9775AF8334C8}"
EndProject
Project("{FAE04EC0-301F-11D3-BF4B-00C04F79EFBC}") = "ProfileDocksService", "ProfileDocksService\ProfileDocksService.csproj", "{9384B8AA-E543-4BD6-8E38-239FCB8C72DF}"
EndProject
Project("{FAE04EC0-301F-11D3-BF4B-00C04F79EFBC}") = "NotificationsService", "NotificationsService\NotificationsService.csproj", "{B58D3173-B929-48CC-BB38-3B2A770B2337}"
EndProject
Project("{FAE04EC0-301F-11D3-BF4B-00C04F79EFBC}") = "AdminPanel", "AdminPanel\AdminPanel.csproj", "{58C48B72-A38F-4675-94E9-7A4FC621C8C6}"
EndProject
Project("{FAE04EC0-301F-11D3-BF4B-00C04F79EFBC}") = "Contracts", "Contracts\Contracts.csproj", "{130D63D8-C55F-453A-ADDC-2F9E9AA4904E}"
EndProject
Project("{FAE04EC0-301F-11D3-BF4B-00C04F79EFBC}") = "AdmissionServiceTest", "AdmissionServiceTest\AdmissionServiceTest.csproj", "{0C546CD1-7938-4831-AEF0-CF0E00797ED9}"
EndProject
Global
	GlobalSection(SolutionConfigurationPlatforms) = preSolution
		Debug|Any CPU = Debug|Any CPU
		Release|Any CPU = Release|Any CPU
	EndGlobalSection
	GlobalSection(ProjectConfigurationPlatforms) = postSolution
		{72C9F546-B03A-4745-82DC-1E286D1EC96B}.Debug|Any CPU.ActiveCfg = Debug|Any CPU
		{72C9F546-B03A-4745-82DC-1E286D1EC96B}.Debug|Any CPU.Build.0 = Debug|Any CPU
		{72C9F546-B03A-4745-82DC-1E286D1EC96B}.Release|Any CPU.ActiveCfg = Release|Any CPU
		{72C9F546-B03A-4745-82DC-1E286D1EC96B}.Release|Any CPU.Build.0 = Release|Any CPU
		{C6CBBA5D-AF78-4866-A440-3241C4B15419}.Debug|Any CPU.ActiveCfg = Debug|Any CPU
		{C6CBBA5D-AF78-4866-A440-3241C4B15419}.Debug|Any CPU.Build.0 = Debug|Any CPU
		{C6CBBA5D-AF78-4866-A440-3241C4B15419}.Release|Any CPU.ActiveCfg = Release|Any CPU
		{C6CBBA5D-AF78-4866-A440-3241C4B15419}.Release|Any CPU.Build.0 = Release|Any CPU
		{4F2176CF-451F-44E4-92AE-9775AF8334C8}.Debug|Any CPU.ActiveCfg = Debug|Any CPU
		{4F2176CF-451F-44E4-92AE-9775AF8334C8}.Debug|Any CPU.Build.0 = Debug|Any CPU
		{4F2176CF-451F-44E4-92AE-9775AF8334C8}.Release|Any CPU.ActiveCfg = Release|Any CPU
		{4F2176CF-451F-44E4-92AE-9775AF8334C8}.Release|Any CPU.Build.0 = Release|Any CPU
		{9384B8AA-E543-4BD6-8E38-239FCB8C72DF}.Debug|Any CPU.ActiveCfg = Debug|Any CPU
		{9384B8AA-E543-4BD6-8E38-239FCB8C72DF}.Debug|Any CPU.Build.0 = Debug|Any CPU
		{9384B8AA-E543-4BD6-8E38-239FCB8C72DF}.Release|Any CPU.ActiveCfg = Release|Any CPU
		{9384B8AA-E543-4BD6-8E38-239FCB8C72DF}.Release|Any CPU.Build.0 = Release|Any CPU
		{B58D3173-B929-48CC-BB38-3B2A770B2337}.Debug|Any CPU.ActiveCfg = Debug|Any CPU
		{B58D3173-B929-48CC-BB38-3B2A770B2337}.Debug|Any CPU.Build.0 = Debug|Any CPU
		{B58D3173-B929-48CC-BB38-3B2A770B2337}.Release|Any CPU.ActiveCfg = Release|Any CPU
		{B58D3173-B929-48CC-BB38-3B2A770B2337}.Release|Any CPU.Build.0 = Release|Any CPU
		{58C48B72-A38F-4675-94E9-7A4FC621C8C6}.Debug|Any CPU.ActiveCfg = Debug|Any CPU
		{58C48B72-A38F-4675-94E9-7A4FC621C8C6}.Debug|Any CPU.Build.0 = Debug|Any CPU
		{58C48B72-A38F-4675-94E9-7A4FC621C8C6}.Release|Any CPU.ActiveCfg = Release|Any CPU
		{58C48B72-A38F-4675-94E9-7A4FC621C8C6}.Release|Any CPU.Build.0 = Release|Any CPU
		{130D63D8-C55F-453A-ADDC-2F9E9AA4904E}.Debug|Any CPU.ActiveCfg = Debug|Any CPU
		{130D63D8-C55F-453A-ADDC-2F9E9AA4904E}.Debug|Any CPU.Build.0 = Debug|Any CPU
		{130D63D8-C55F-453A-ADDC-2F9E9AA4904E}.Release|Any CPU.ActiveCfg = Release|Any CPU
		{130D63D8-C55F-453A-ADDC-2F9E9AA4904E}.Release|Any CPU.Build.0 = Release|Any CPU
		{0C546CD1-7938-4831-AEF0-CF0E00797ED9}.Debug|Any CPU.ActiveCfg = Debug|Any CPU
		{0C546CD1-7938-4831-AEF0-CF0E00797ED9}.Debug|Any CPU.Build.0 = Debug|Any CPU
		{0C546CD1-7938-4831-AEF0-CF0E00797ED9}.Release|Any CPU.ActiveCfg = Release|Any CPU
		{0C546CD1-7938-4831-AEF0-CF0E00797ED9}.Release|Any CPU.Build.0 = Release|Any CPU
	EndGlobalSection
EndGlobal
